# This file was autogenerated by Stack.
# You should not edit this file by hand.
# For more information, please see the documentation at:
#   https://docs.haskellstack.org/en/stable/lock_files

packages:
- completed:
    hackage: semiring-num-1.6.0.4@sha256:ea73b7ec4980add625dedfe159dbeea9a37aa540a2a9df0f36263455b1654cc1,2943
    pantry-tree:
      size: 1241
      sha256: e77437686dd4f735b8ab4ccbca16ce3b6a3886f6985f0964c33610e10ce1834f
  original:
    hackage: semiring-num-1.6.0.4
snapshots:
- completed:
    size: 524155
    url: https://raw.githubusercontent.com/commercialhaskell/stackage-snapshots/master/lts/14/19.yaml
    sha256: 9f79f6494473c9b46911364b94c4b5ef19ca8d35ebf62e46697cf651f198ee19
  original: lts-14.19
